
Microsoft Visual Studio Solution File, Format Version 12.00
# Visual Studio Version 16
VisualStudioVersion = 16.0.30204.135
MinimumVisualStudioVersion = 10.0.40219.1
Project("{FAE04EC0-301F-11D3-BF4B-00C04F79EFBC}") = "TestNotification.Android", "TestNotification.Android\TestNotification.Android.csproj", "{C2B71793-9A1A-443A-B47C-A0C4BC3156F6}"
EndProject
Project("{FAE04EC0-301F-11D3-BF4B-00C04F79EFBC}") = "TestNotification.iOS", "TestNotification.iOS\TestNotification.iOS.csproj", "{3396D747-F8D1-4CBC-9D97-64F6B2E9AE03}"
EndProject
Project("{9A19103F-16F7-4668-BE54-9A1E7A4F7556}") = "TestNotification", "TestNotification\TestNotification.csproj", "{918798A1-69E2-46A5-A1CE-9A69847BE7BC}"
EndProject
Project("{9A19103F-16F7-4668-BE54-9A1E7A4F7556}") = "TestNotificationBackend", "TestNotification.Backend\TestNotificationBackend.csproj", "{714BB674-802F-4275-9E6C-237F953AF696}"
EndProject
Global
	GlobalSection(SolutionConfigurationPlatforms) = preSolution
		Debug|Any CPU = Debug|Any CPU
		Debug|iPhone = Debug|iPhone
		Debug|iPhoneSimulator = Debug|iPhoneSimulator
		Release|Any CPU = Release|Any CPU
		Release|iPhone = Release|iPhone
		Release|iPhoneSimulator = Release|iPhoneSimulator
	EndGlobalSection
	GlobalSection(ProjectConfigurationPlatforms) = postSolution
		{C2B71793-9A1A-443A-B47C-A0C4BC3156F6}.Debug|Any CPU.ActiveCfg = Debug|Any CPU
		{C2B71793-9A1A-443A-B47C-A0C4BC3156F6}.Debug|Any CPU.Build.0 = Debug|Any CPU
		{C2B71793-9A1A-443A-B47C-A0C4BC3156F6}.Debug|Any CPU.Deploy.0 = Debug|Any CPU
		{C2B71793-9A1A-443A-B47C-A0C4BC3156F6}.Debug|iPhone.ActiveCfg = Debug|Any CPU
		{C2B71793-9A1A-443A-B47C-A0C4BC3156F6}.Debug|iPhone.Build.0 = Debug|Any CPU
		{C2B71793-9A1A-443A-B47C-A0C4BC3156F6}.Debug|iPhone.Deploy.0 = Debug|Any CPU
		{C2B71793-9A1A-443A-B47C-A0C4BC3156F6}.Debug|iPhoneSimulator.ActiveCfg = Debug|Any CPU
		{C2B71793-9A1A-443A-B47C-A0C4BC3156F6}.Debug|iPhoneSimulator.Build.0 = Debug|Any CPU
		{C2B71793-9A1A-443A-B47C-A0C4BC3156F6}.Debug|iPhoneSimulator.Deploy.0 = Debug|Any CPU
		{C2B71793-9A1A-443A-B47C-A0C4BC3156F6}.Release|Any CPU.ActiveCfg = Release|Any CPU
		{C2B71793-9A1A-443A-B47C-A0C4BC3156F6}.Release|Any CPU.Build.0 = Release|Any CPU
		{C2B71793-9A1A-443A-B47C-A0C4BC3156F6}.Release|Any CPU.Deploy.0 = Release|Any CPU
		{C2B71793-9A1A-443A-B47C-A0C4BC3156F6}.Release|iPhone.ActiveCfg = Release|Any CPU
		{C2B71793-9A1A-443A-B47C-A0C4BC3156F6}.Release|iPhone.Build.0 = Release|Any CPU
		{C2B71793-9A1A-443A-B47C-A0C4BC3156F6}.Release|iPhone.Deploy.0 = Release|Any CPU
		{C2B71793-9A1A-443A-B47C-A0C4BC3156F6}.Release|iPhoneSimulator.ActiveCfg = Release|Any CPU
		{C2B71793-9A1A-443A-B47C-A0C4BC3156F6}.Release|iPhoneSimulator.Build.0 = Release|Any CPU
		{C2B71793-9A1A-443A-B47C-A0C4BC3156F6}.Release|iPhoneSimulator.Deploy.0 = Release|Any CPU
		{3396D747-F8D1-4CBC-9D97-64F6B2E9AE03}.Debug|Any CPU.ActiveCfg = Debug|iPhone
		{3396D747-F8D1-4CBC-9D97-64F6B2E9AE03}.Debug|Any CPU.Build.0 = Debug|iPhone
		{3396D747-F8D1-4CBC-9D97-64F6B2E9AE03}.Debug|Any CPU.Deploy.0 = Debug|iPhone
		{3396D747-F8D1-4CBC-9D97-64F6B2E9AE03}.Debug|iPhone.ActiveCfg = Debug|iPhone
		{3396D747-F8D1-4CBC-9D97-64F6B2E9AE03}.Debug|iPhone.Build.0 = Debug|iPhone
		{3396D747-F8D1-4CBC-9D97-64F6B2E9AE03}.Debug|iPhone.Deploy.0 = Debug|iPhone
		{3396D747-F8D1-4CBC-9D97-64F6B2E9AE03}.Debug|iPhoneSimulator.ActiveCfg = Debug|iPhoneSimulator
		{3396D747-F8D1-4CBC-9D97-64F6B2E9AE03}.Debug|iPhoneSimulator.Build.0 = Debug|iPhoneSimulator
		{3396D747-F8D1-4CBC-9D97-64F6B2E9AE03}.Debug|iPhoneSimulator.Deploy.0 = Debug|iPhoneSimulator
		{3396D747-F8D1-4CBC-9D97-64F6B2E9AE03}.Release|Any CPU.ActiveCfg = Release|iPhone
		{3396D747-F8D1-4CBC-9D97-64F6B2E9AE03}.Release|Any CPU.Build.0 = Release|iPhone
		{3396D747-F8D1-4CBC-9D97-64F6B2E9AE03}.Release|Any CPU.Deploy.0 = Release|iPhone
		{3396D747-F8D1-4CBC-9D97-64F6B2E9AE03}.Release|iPhone.ActiveCfg = Release|iPhone
		{3396D747-F8D1-4CBC-9D97-64F6B2E9AE03}.Release|iPhone.Build.0 = Release|iPhone
		{3396D747-F8D1-4CBC-9D97-64F6B2E9AE03}.Release|iPhone.Deploy.0 = Release|iPhone
		{3396D747-F8D1-4CBC-9D97-64F6B2E9AE03}.Release|iPhoneSimulator.ActiveCfg = Release|iPhoneSimulator
		{3396D747-F8D1-4CBC-9D97-64F6B2E9AE03}.Release|iPhoneSimulator.Build.0 = Release|iPhoneSimulator
		{3396D747-F8D1-4CBC-9D97-64F6B2E9AE03}.Release|iPhoneSimulator.Deploy.0 = Release|iPhoneSimulator
		{918798A1-69E2-46A5-A1CE-9A69847BE7BC}.Debug|Any CPU.ActiveCfg = Debug|Any CPU
		{918798A1-69E2-46A5-A1CE-9A69847BE7BC}.Debug|Any CPU.Build.0 = Debug|Any CPU
		{918798A1-69E2-46A5-A1CE-9A69847BE7BC}.Debug|Any CPU.Deploy.0 = Debug|Any CPU
		{918798A1-69E2-46A5-A1CE-9A69847BE7BC}.Debug|iPhone.ActiveCfg = Debug|Any CPU
		{918798A1-69E2-46A5-A1CE-9A69847BE7BC}.Debug|iPhone.Build.0 = Debug|Any CPU
		{918798A1-69E2-46A5-A1CE-9A69847BE7BC}.Debug|iPhone.Deploy.0 = Debug|Any CPU
		{918798A1-69E2-46A5-A1CE-9A69847BE7BC}.Debug|iPhoneSimulator.ActiveCfg = Debug|Any CPU
		{918798A1-69E2-46A5-A1CE-9A69847BE7BC}.Debug|iPhoneSimulator.Build.0 = Debug|Any CPU
		{918798A1-69E2-46A5-A1CE-9A69847BE7BC}.Debug|iPhoneSimulator.Deploy.0 = Debug|Any CPU
		{918798A1-69E2-46A5-A1CE-9A69847BE7BC}.Release|Any CPU.ActiveCfg = Release|Any CPU
		{918798A1-69E2-46A5-A1CE-9A69847BE7BC}.Release|Any CPU.Build.0 = Release|Any CPU
		{918798A1-69E2-46A5-A1CE-9A69847BE7BC}.Release|Any CPU.Deploy.0 = Release|Any CPU
		{918798A1-69E2-46A5-A1CE-9A69847BE7BC}.Release|iPhone.ActiveCfg = Release|Any CPU
		{918798A1-69E2-46A5-A1CE-9A69847BE7BC}.Release|iPhone.Build.0 = Release|Any CPU
		{918798A1-69E2-46A5-A1CE-9A69847BE7BC}.Release|iPhone.Deploy.0 = Release|Any CPU
		{918798A1-69E2-46A5-A1CE-9A69847BE7BC}.Release|iPhoneSimulator.ActiveCfg = Release|Any CPU
		{918798A1-69E2-46A5-A1CE-9A69847BE7BC}.Release|iPhoneSimulator.Build.0 = Release|Any CPU
		{918798A1-69E2-46A5-A1CE-9A69847BE7BC}.Release|iPhoneSimulator.Deploy.0 = Release|Any CPU
		{714BB674-802F-4275-9E6C-237F953AF696}.Debug|Any CPU.ActiveCfg = Debug|Any CPU
		{714BB674-802F-4275-9E6C-237F953AF696}.Debug|Any CPU.Build.0 = Debug|Any CPU
		{714BB674-802F-4275-9E6C-237F953AF696}.Debug|iPhone.ActiveCfg = Debug|Any CPU
		{714BB674-802F-4275-9E6C-237F953AF696}.Debug|iPhone.Build.0 = Debug|Any CPU
		{714BB674-802F-4275-9E6C-237F953AF696}.Debug|iPhoneSimulator.ActiveCfg = Debug|Any CPU
		{714BB674-802F-4275-9E6C-237F953AF696}.Debug|iPhoneSimulator.Build.0 = Debug|Any CPU
		{714BB674-802F-4275-9E6C-237F953AF696}.Release|Any CPU.ActiveCfg = Release|Any CPU
		{714BB674-802F-4275-9E6C-237F953AF696}.Release|Any CPU.Build.0 = Release|Any CPU
		{714BB674-802F-4275-9E6C-237F953AF696}.Release|iPhone.ActiveCfg = Release|Any CPU
		{714BB674-802F-4275-9E6C-237F953AF696}.Release|iPhone.Build.0 = Release|Any CPU
		{714BB674-802F-4275-9E6C-237F953AF696}.Release|iPhoneSimulator.ActiveCfg = Release|Any CPU
		{714BB674-802F-4275-9E6C-237F953AF696}.Release|iPhoneSimulator.Build.0 = Release|Any CPU
	EndGlobalSection
	GlobalSection(SolutionProperties) = preSolution
		HideSolutionNode = FALSE
	EndGlobalSection
	GlobalSection(ExtensibilityGlobals) = postSolution
		SolutionGuid = {9193FEAE-11C8-4F47-B974-A442F7E75F57}
	EndGlobalSection
EndGlobal
